{
  "name": "react-starter-boilerplate",
  "version": "2.3.1",
  "lockfileVersion": 1,
  "requires": true,
  "dependencies": {
    "path2d-polyfill": {
      "version": "0.3.1",
      "resolved": "https://registry.npmjs.org/path2d-polyfill/-/path2d-polyfill-0.3.1.tgz",
      "integrity": "sha512-V7XnFEtVBpyjA+iI7rfEag838Ie8a656B+/V10cIrGNh/QVVYR6I1a2ptXAKCV8ztkzYbYLzx0qhyrpM8OMVSw=="
    }
  }
}
